{
  "version": 4,
  "terraform_version": "1.1.8",
  "serial": 13,
  "lineage": "5a486be9-d573-095f-2670-9b7e112e0b38",
  "outputs": {
    "instance_id": {
      "value": "i-05b8dec04d6f739e3",
      "type": "string"
    },
    "private_ip": {
      "value": "10.0.1.241",
      "type": "string"
    }
  },
  "resources": [
    {
      "mode": "managed",
      "type": "aws_instance",
      "name": "my-instance",
      "provider": "provider[\"registry.terraform.io/hashicorp/aws\"]",
      "instances": [
        {
          "index_key": 0,
          "schema_version": 1,
          "attributes": {
            "ami": "ami-04169656fea786776",
            "arn": "arn:aws:ec2:us-east-1:106036894611:instance/i-05b8dec04d6f739e3",
            "associate_public_ip_address": false,
            "availability_zone": "us-east-1a",
            "capacity_reservation_specification": [
              {
                "capacity_reservation_preference": "open",
                "capacity_reservation_target": []
              }
            ],
            "cpu_core_count": 1,
            "cpu_threads_per_core": 1,
            "credit_specification": [
              {
                "cpu_credits": "standard"
              }
            ],
            "disable_api_termination": false,
            "ebs_block_device": [],
            "ebs_optimized": false,
            "enclave_options": [
              {
                "enabled": false
              }
            ],
            "ephemeral_block_device": [],
            "get_password_data": false,
            "hibernation": false,
            "host_id": null,
            "iam_instance_profile": "",
            "id": "i-05b8dec04d6f739e3",
            "instance_initiated_shutdown_behavior": "stop",
            "instance_state": "running",
            "instance_type": "t2.nano",
            "ipv6_address_count": 0,
            "ipv6_addresses": [],
            "key_name": "dev-arzooo",
            "launch_template": [],
            "maintenance_options": [
              {
                "auto_recovery": "default"
              }
            ],
            "metadata_options": [
              {
                "http_endpoint": "enabled",
                "http_put_response_hop_limit": 1,
                "http_tokens": "optional",
                "instance_metadata_tags": "disabled"
              }
            ],
            "monitoring": false,
            "network_interface": [],
            "outpost_arn": "",
            "password_data": "",
            "placement_group": "",
            "placement_partition_number": null,
            "primary_network_interface_id": "eni-0ebfef5f8cf7d9848",
            "private_dns": "ip-10-0-1-241.ec2.internal",
            "private_ip": "10.0.1.241",
            "public_dns": "",
            "public_ip": "",
            "root_block_device": [
              {
                "delete_on_termination": true,
                "device_name": "/dev/sda1",
                "encrypted": false,
                "iops": 100,
                "kms_key_id": "",
                "tags": {},
                "throughput": 0,
                "volume_id": "vol-01b8c9ab8dbee80cf",
                "volume_size": 8,
                "volume_type": "gp2"
              }
            ],
            "secondary_private_ips": [],
            "security_groups": [
              "sg-05d18335ebb1efe9a"
            ],
            "source_dest_check": true,
            "subnet_id": "subnet-086ec243220811d73",
            "tags": {
              "Name": "dev-arzooo-1"
            },
            "tags_all": {
              "Name": "dev-arzooo-1"
            },
            "tenancy": "default",
            "timeouts": null,
            "user_data": null,
            "user_data_base64": null,
            "user_data_replace_on_change": false,
            "volume_tags": null,
            "vpc_security_group_ids": [
              "sg-05d18335ebb1efe9a"
            ]
          },
          "sensitive_attributes": [],
          "private": "eyJlMmJmYjczMC1lY2FhLTExZTYtOGY4OC0zNDM2M2JjN2M0YzAiOnsiY3JlYXRlIjo2MDAwMDAwMDAwMDAsImRlbGV0ZSI6MTIwMDAwMDAwMDAwMCwidXBkYXRlIjo2MDAwMDAwMDAwMDB9LCJzY2hlbWFfdmVyc2lvbiI6IjEifQ==",
          "dependencies": [
            "aws_key_pair.generated_key",
            "aws_security_group.allow_tls",
            "aws_subnet.Publicsubnet",
            "aws_vpc.terraformvpc",
            "tls_private_key.example"
          ]
        }
      ]
    },
    {
      "mode": "managed",
      "type": "aws_internet_gateway",
      "name": "tfigw",
      "provider": "provider[\"registry.terraform.io/hashicorp/aws\"]",
      "instances": [
        {
          "schema_version": 0,
          "attributes": {
            "arn": "arn:aws:ec2:us-east-1:106036894611:internet-gateway/igw-059fb4e3e5b5a6dc7",
            "id": "igw-059fb4e3e5b5a6dc7",
            "owner_id": "106036894611",
            "tags": {
              "Name": "tfigw"
            },
            "tags_all": {
              "Name": "tfigw"
            },
            "vpc_id": "vpc-0ea637be966de7ed5"
          },
          "sensitive_attributes": [],
          "private": "bnVsbA==",
          "dependencies": [
            "aws_vpc.terraformvpc"
          ]
        }
      ]
    },
    {
      "mode": "managed",
      "type": "aws_key_pair",
      "name": "generated_key",
      "provider": "provider[\"registry.terraform.io/hashicorp/aws\"]",
      "instances": [
        {
          "schema_version": 1,
          "attributes": {
            "arn": "arn:aws:ec2:us-east-1:106036894611:key-pair/dev-arzooo",
            "fingerprint": "28:46:55:66:b3:58:eb:dc:c2:94:e4:fc:c8:c9:b1:3f",
            "id": "dev-arzooo",
            "key_name": "dev-arzooo",
            "key_name_prefix": "",
            "key_pair_id": "key-088edc37cb1ecfd9b",
            "public_key": "ssh-rsa AAAAB3NzaC1yc2EAAAADAQABAAACAQDmqav9m7g3JVfqvzb/5wmDoTpvLVGpPstspfU7EjkszWCKp6XF2pVh8/XCc3VhT1kLSViDhBqR4gxXh56eVIsnTUqoyM2h81zumRp2qbZe1nFqN2bp3R3G86CWR5DqUJcGR/50BKBDoreykjCEdzHlbcRiUvhmzvDYIYx0bm88RBlWand5UydNeWewdPgIOlxhoIb6JepTIA0SR0VZED/sPmjzO84Olb+YKq0Tjjy7VV8AkTziNxPpRp4r63K9zbpbMde1zok0V09+5Xns1+a++PMSUc5cM2ZCEdFtyfe8HwZiSRpkz67lwmna8yKIZrI0yKtDC+wC2RmYIXtBknLvo/6nz1S2IaDt7FRsXhT3ncc2MaVox8XaMdQT6BDVbzLpQBMVCjx3Fb5pIBQopLZcce1b4MoyP/8FmMoQE8GUF2/lCV826PCgE7a4UOz3wc9MBmpF0yfUnH59HQcHzKnGF2yC+UEbF54+q5EivA5MWiQuNFrhXxHVcYLMkazSd8XobwSrgn9XYHmDwB0EI+ZWIRHinlRoBCUPPMwyviZCtTxSu4kRQWD0Jqp5kdkP899k47rMFIw9ExxX7KRPHzktkOAuwu3Lw+nuYTQyX5xh8s2Alrn7Bcxyl5lu/1j+8gloa9Psxbt+yp112l+8WQIctSkc1wLAVsi/gVfLOg5ZLw==",
            "tags": null,
            "tags_all": {}
          },
          "sensitive_attributes": [],
          "private": "eyJzY2hlbWFfdmVyc2lvbiI6IjEifQ==",
          "dependencies": [
            "tls_private_key.example"
          ]
        }
      ]
    },
    {
      "mode": "managed",
      "type": "aws_route_table",
      "name": "privateRT",
      "provider": "provider[\"registry.terraform.io/hashicorp/aws\"]",
      "instances": [
        {
          "schema_version": 0,
          "attributes": {
            "arn": "arn:aws:ec2:us-east-1:106036894611:route-table/rtb-0ad00fc8c1f814607",
            "id": "rtb-0ad00fc8c1f814607",
            "owner_id": "106036894611",
            "propagating_vgws": [],
            "route": [
              {
                "carrier_gateway_id": "",
                "cidr_block": "0.0.0.0/0",
                "core_network_arn": "",
                "destination_prefix_list_id": "",
                "egress_only_gateway_id": "",
                "gateway_id": "igw-059fb4e3e5b5a6dc7",
                "instance_id": "",
                "ipv6_cidr_block": "",
                "local_gateway_id": "",
                "nat_gateway_id": "",
                "network_interface_id": "",
                "transit_gateway_id": "",
                "vpc_endpoint_id": "",
                "vpc_peering_connection_id": ""
              }
            ],
            "tags": {
              "Name": "privateRT"
            },
            "tags_all": {
              "Name": "privateRT"
            },
            "timeouts": null,
            "vpc_id": "vpc-0ea637be966de7ed5"
          },
          "sensitive_attributes": [],
          "private": "eyJlMmJmYjczMC1lY2FhLTExZTYtOGY4OC0zNDM2M2JjN2M0YzAiOnsiY3JlYXRlIjozMDAwMDAwMDAwMDAsImRlbGV0ZSI6MzAwMDAwMDAwMDAwLCJ1cGRhdGUiOjEyMDAwMDAwMDAwMH19",
          "dependencies": [
            "aws_internet_gateway.tfigw",
            "aws_vpc.terraformvpc"
          ]
        }
      ]
    },
    {
      "mode": "managed",
      "type": "aws_route_table",
      "name": "publicRT",
      "provider": "provider[\"registry.terraform.io/hashicorp/aws\"]",
      "instances": [
        {
          "schema_version": 0,
          "attributes": {
            "arn": "arn:aws:ec2:us-east-1:106036894611:route-table/rtb-04ec1ac77a0052e3b",
            "id": "rtb-04ec1ac77a0052e3b",
            "owner_id": "106036894611",
            "propagating_vgws": [],
            "route": [
              {
                "carrier_gateway_id": "",
                "cidr_block": "0.0.0.0/0",
                "core_network_arn": "",
                "destination_prefix_list_id": "",
                "egress_only_gateway_id": "",
                "gateway_id": "igw-059fb4e3e5b5a6dc7",
                "instance_id": "",
                "ipv6_cidr_block": "",
                "local_gateway_id": "",
                "nat_gateway_id": "",
                "network_interface_id": "",
                "transit_gateway_id": "",
                "vpc_endpoint_id": "",
                "vpc_peering_connection_id": ""
              }
            ],
            "tags": {
              "Name": "publicRT"
            },
            "tags_all": {
              "Name": "publicRT"
            },
            "timeouts": null,
            "vpc_id": "vpc-0ea637be966de7ed5"
          },
          "sensitive_attributes": [],
          "private": "eyJlMmJmYjczMC1lY2FhLTExZTYtOGY4OC0zNDM2M2JjN2M0YzAiOnsiY3JlYXRlIjozMDAwMDAwMDAwMDAsImRlbGV0ZSI6MzAwMDAwMDAwMDAwLCJ1cGRhdGUiOjEyMDAwMDAwMDAwMH19",
          "dependencies": [
            "aws_internet_gateway.tfigw",
            "aws_vpc.terraformvpc"
          ]
        }
      ]
    },
    {
      "mode": "managed",
      "type": "aws_route_table_association",
      "name": "privateRT_asso",
      "provider": "provider[\"registry.terraform.io/hashicorp/aws\"]",
      "instances": [
        {
          "schema_version": 0,
          "attributes": {
            "gateway_id": "",
            "id": "rtbassoc-087c01b15d88622fa",
            "route_table_id": "rtb-0ad00fc8c1f814607",
            "subnet_id": "subnet-0dd7b24ccb826ca92"
          },
          "sensitive_attributes": [],
          "private": "bnVsbA==",
          "dependencies": [
            "aws_internet_gateway.tfigw",
            "aws_route_table.privateRT",
            "aws_subnet.Privatesubnet",
            "aws_vpc.terraformvpc"
          ]
        }
      ]
    },
    {
      "mode": "managed",
      "type": "aws_route_table_association",
      "name": "publicRT-ass",
      "provider": "provider[\"registry.terraform.io/hashicorp/aws\"]",
      "instances": [
        {
          "schema_version": 0,
          "attributes": {
            "gateway_id": "",
            "id": "rtbassoc-0f81dd88421e3f2ad",
            "route_table_id": "rtb-04ec1ac77a0052e3b",
            "subnet_id": "subnet-086ec243220811d73"
          },
          "sensitive_attributes": [],
          "private": "bnVsbA==",
          "dependencies": [
            "aws_internet_gateway.tfigw",
            "aws_route_table.publicRT",
            "aws_subnet.Publicsubnet",
            "aws_vpc.terraformvpc"
          ]
        }
      ]
    },
    {
      "mode": "managed",
      "type": "aws_security_group",
      "name": "allow_tls",
      "provider": "provider[\"registry.terraform.io/hashicorp/aws\"]",
      "instances": [
        {
          "schema_version": 1,
          "attributes": {
            "arn": "arn:aws:ec2:us-east-1:106036894611:security-group/sg-05d18335ebb1efe9a",
            "description": "Allow TLS inbound traffic",
            "egress": [
              {
                "cidr_blocks": [
                  "0.0.0.0/0"
                ],
                "description": "",
                "from_port": 0,
                "ipv6_cidr_blocks": [],
                "prefix_list_ids": [],
                "protocol": "-1",
                "security_groups": [],
                "self": false,
                "to_port": 0
              }
            ],
            "id": "sg-05d18335ebb1efe9a",
            "ingress": [
              {
                "cidr_blocks": [
                  "0.0.0.0/0"
                ],
                "description": "TLS from VPC",
                "from_port": 22,
                "ipv6_cidr_blocks": [],
                "prefix_list_ids": [],
                "protocol": "tcp",
                "security_groups": [],
                "self": false,
                "to_port": 22
              },
              {
                "cidr_blocks": [
                  "0.0.0.0/0"
                ],
                "description": "TLS from VPC",
                "from_port": 80,
                "ipv6_cidr_blocks": [],
                "prefix_list_ids": [],
                "protocol": "tcp",
                "security_groups": [],
                "self": false,
                "to_port": 80
              }
            ],
            "name": "allow_tls",
            "name_prefix": "",
            "owner_id": "106036894611",
            "revoke_rules_on_delete": false,
            "tags": {
              "Name": "terraform-SG"
            },
            "tags_all": {
              "Name": "terraform-SG"
            },
            "timeouts": null,
            "vpc_id": "vpc-0ea637be966de7ed5"
          },
          "sensitive_attributes": [],
          "private": "eyJlMmJmYjczMC1lY2FhLTExZTYtOGY4OC0zNDM2M2JjN2M0YzAiOnsiY3JlYXRlIjo2MDAwMDAwMDAwMDAsImRlbGV0ZSI6OTAwMDAwMDAwMDAwfSwic2NoZW1hX3ZlcnNpb24iOiIxIn0=",
          "dependencies": [
            "aws_vpc.terraformvpc"
          ]
        }
      ]
    },
    {
      "mode": "managed",
      "type": "aws_subnet",
      "name": "Privatesubnet",
      "provider": "provider[\"registry.terraform.io/hashicorp/aws\"]",
      "instances": [
        {
          "schema_version": 1,
          "attributes": {
            "arn": "arn:aws:ec2:us-east-1:106036894611:subnet/subnet-0dd7b24ccb826ca92",
            "assign_ipv6_address_on_creation": false,
            "availability_zone": "us-east-1b",
            "availability_zone_id": "use1-az2",
            "cidr_block": "10.0.2.0/24",
            "customer_owned_ipv4_pool": "",
            "enable_dns64": false,
            "enable_resource_name_dns_a_record_on_launch": false,
            "enable_resource_name_dns_aaaa_record_on_launch": false,
            "id": "subnet-0dd7b24ccb826ca92",
            "ipv6_cidr_block": "",
            "ipv6_cidr_block_association_id": "",
            "ipv6_native": false,
            "map_customer_owned_ip_on_launch": false,
            "map_public_ip_on_launch": false,
            "outpost_arn": "",
            "owner_id": "106036894611",
            "private_dns_hostname_type_on_launch": "ip-name",
            "tags": {
              "Name": "Privatesubnet"
            },
            "tags_all": {
              "Name": "Privatesubnet"
            },
            "timeouts": null,
            "vpc_id": "vpc-0ea637be966de7ed5"
          },
          "sensitive_attributes": [],
          "private": "eyJlMmJmYjczMC1lY2FhLTExZTYtOGY4OC0zNDM2M2JjN2M0YzAiOnsiY3JlYXRlIjo2MDAwMDAwMDAwMDAsImRlbGV0ZSI6MTIwMDAwMDAwMDAwMH0sInNjaGVtYV92ZXJzaW9uIjoiMSJ9",
          "dependencies": [
            "aws_vpc.terraformvpc"
          ]
        }
      ]
    },
    {
      "mode": "managed",
      "type": "aws_subnet",
      "name": "Publicsubnet",
      "provider": "provider[\"registry.terraform.io/hashicorp/aws\"]",
      "instances": [
        {
          "schema_version": 1,
          "attributes": {
            "arn": "arn:aws:ec2:us-east-1:106036894611:subnet/subnet-086ec243220811d73",
            "assign_ipv6_address_on_creation": false,
            "availability_zone": "us-east-1a",
            "availability_zone_id": "use1-az1",
            "cidr_block": "10.0.1.0/24",
            "customer_owned_ipv4_pool": "",
            "enable_dns64": false,
            "enable_resource_name_dns_a_record_on_launch": false,
            "enable_resource_name_dns_aaaa_record_on_launch": false,
            "id": "subnet-086ec243220811d73",
            "ipv6_cidr_block": "",
            "ipv6_cidr_block_association_id": "",
            "ipv6_native": false,
            "map_customer_owned_ip_on_launch": false,
            "map_public_ip_on_launch": false,
            "outpost_arn": "",
            "owner_id": "106036894611",
            "private_dns_hostname_type_on_launch": "ip-name",
            "tags": {
              "Name": "Publicsubnet"
            },
            "tags_all": {
              "Name": "Publicsubnet"
            },
            "timeouts": null,
            "vpc_id": "vpc-0ea637be966de7ed5"
          },
          "sensitive_attributes": [],
          "private": "eyJlMmJmYjczMC1lY2FhLTExZTYtOGY4OC0zNDM2M2JjN2M0YzAiOnsiY3JlYXRlIjo2MDAwMDAwMDAwMDAsImRlbGV0ZSI6MTIwMDAwMDAwMDAwMH0sInNjaGVtYV92ZXJzaW9uIjoiMSJ9",
          "dependencies": [
            "aws_vpc.terraformvpc"
          ]
        }
      ]
    },
    {
      "mode": "managed",
      "type": "aws_vpc",
      "name": "terraformvpc",
      "provider": "provider[\"registry.terraform.io/hashicorp/aws\"]",
      "instances": [
        {
          "schema_version": 1,
          "attributes": {
            "arn": "arn:aws:ec2:us-east-1:106036894611:vpc/vpc-0ea637be966de7ed5",
            "assign_generated_ipv6_cidr_block": false,
            "cidr_block": "10.0.0.0/16",
            "default_network_acl_id": "acl-09252a96abaca492a",
            "default_route_table_id": "rtb-0e57459276c0dfa76",
            "default_security_group_id": "sg-0d58f4f5a742749a8",
            "dhcp_options_id": "dopt-044cd50a3314595da",
            "enable_classiclink": false,
            "enable_classiclink_dns_support": false,
            "enable_dns_hostnames": false,
            "enable_dns_support": true,
            "id": "vpc-0ea637be966de7ed5",
            "instance_tenancy": "default",
            "ipv4_ipam_pool_id": null,
            "ipv4_netmask_length": null,
            "ipv6_association_id": "",
            "ipv6_cidr_block": "",
            "ipv6_cidr_block_network_border_group": "",
            "ipv6_ipam_pool_id": "",
            "ipv6_netmask_length": 0,
            "main_route_table_id": "rtb-0e57459276c0dfa76",
            "owner_id": "106036894611",
            "tags": {
              "Name": "terraform-test-vpc"
            },
            "tags_all": {
              "Name": "terraform-test-vpc"
            }
          },
          "sensitive_attributes": [],
          "private": "eyJzY2hlbWFfdmVyc2lvbiI6IjEifQ=="
        }
      ]
    },
    {
      "mode": "managed",
      "type": "tls_private_key",
      "name": "example",
      "provider": "provider[\"registry.terraform.io/hashicorp/tls\"]",
      "instances": [
        {
          "schema_version": 0,
          "attributes": {
            "algorithm": "RSA",
            "ecdsa_curve": "P224",
            "id": "6508b273d66bf977de100963c068f8afa6463061",
            "private_key_openssh": "-----BEGIN OPENSSH PRIVATE KEY-----\nb3BlbnNzaC1rZXktdjEAAAAABG5vbmUAAAAEbm9uZQAAAAAAAAABAAACFwAAAAdz\nc2gtcnNhAAAAAwEAAQAAAgEA5qmr/Zu4NyVX6r82/+cJg6E6by1RqT7LbKX1OxI5\nLM1giqelxdqVYfP1wnN1YU9ZC0lYg4QakeIMV4eenlSLJ01KqMjNofNc7pkadqm2\nXtZxajdm6d0dxvOglkeQ6lCXBkf+dASgQ6K3spIwhHcx5W3EYlL4Zs7w2CGMdG5v\nPEQZVmp3eVMnTXlnsHT4CDpcYaCG+iXqUyANEkdFWRA/7D5o8zvODpW/mCqtE448\nu1VfAJE84jcT6UaeK+tyvc26WzHXtc6JNFdPfuV57NfmvvjzElHOXDNmQhHRbcn3\nvB8GYkkaZM+u5cJp2vMiiGayNMirQwvsAtkZmCF7QZJy76P+p89UtiGg7exUbF4U\n953HNjGlaMfF2jHUE+gQ1W8y6UATFQo8dxW+aSAUKKS2XHHtW+DKMj//BZjKEBPB\nlBdv5QlfNujwoBO2uFDs98HPTAZqRdMn1Jx+fR0HB8ypxhdsgvlBGxeePquRIrwO\nTFokLjRa4V8R1XGCzJGs0nfF6G8Eq4J/V2B5g8AdBCPmViER4p5UaAQlDzzMMr4m\nQrU8UruJEUFg9CaqeZHZD/PfZOO6zBSMPRMcV+ykTx85LZDgLsLty8Pp7mE0Ml+c\nYfLNgJa5+wXMcpeZbv9Y/vIJaGvT7MW7fsqdddpfvFkCHLUpHNcCwFbIv4FXyzoO\nWS8AAAc4//kqNv/5KjYAAAAHc3NoLXJzYQAAAgEA5qmr/Zu4NyVX6r82/+cJg6E6\nby1RqT7LbKX1OxI5LM1giqelxdqVYfP1wnN1YU9ZC0lYg4QakeIMV4eenlSLJ01K\nqMjNofNc7pkadqm2XtZxajdm6d0dxvOglkeQ6lCXBkf+dASgQ6K3spIwhHcx5W3E\nYlL4Zs7w2CGMdG5vPEQZVmp3eVMnTXlnsHT4CDpcYaCG+iXqUyANEkdFWRA/7D5o\n8zvODpW/mCqtE448u1VfAJE84jcT6UaeK+tyvc26WzHXtc6JNFdPfuV57Nfmvvjz\nElHOXDNmQhHRbcn3vB8GYkkaZM+u5cJp2vMiiGayNMirQwvsAtkZmCF7QZJy76P+\np89UtiGg7exUbF4U953HNjGlaMfF2jHUE+gQ1W8y6UATFQo8dxW+aSAUKKS2XHHt\nW+DKMj//BZjKEBPBlBdv5QlfNujwoBO2uFDs98HPTAZqRdMn1Jx+fR0HB8ypxhds\ngvlBGxeePquRIrwOTFokLjRa4V8R1XGCzJGs0nfF6G8Eq4J/V2B5g8AdBCPmViER\n4p5UaAQlDzzMMr4mQrU8UruJEUFg9CaqeZHZD/PfZOO6zBSMPRMcV+ykTx85LZDg\nLsLty8Pp7mE0Ml+cYfLNgJa5+wXMcpeZbv9Y/vIJaGvT7MW7fsqdddpfvFkCHLUp\nHNcCwFbIv4FXyzoOWS8AAAADAQABAAACAQCjswDj4JLRWEhXylLPNHl1GIRvCJuu\n4Gjgd7tdq+Y13J/KZ4Znr2Ra+xeMZAKHCBgqwWf3FlcA94tIx3AT7+49+0WkGbaO\nXDe1AaVdV76c+dXNyvnXuVx7qMVsQegf0wgLpiZ40hunRKDYM5YJPMqFh+xa14WA\n+RbGXLDgpMt+2tmckbyutwvqmOG0wp6QwFJ12sZQW348dj+wnDIkLjsff39eODBZ\n+37ZEFh6y3RggwsETQ8HgI05/isdAmERQSMju3Daj3SiV+CML3HjW6pgGC/x7Wrl\n1niZJSobn72YnfAa6sS3jQkT+HDFuc3lPfT1LwEUeS6LKuZWKFTgSX4VKYa5SyIn\nQBs0R3n7H2kqXjz1cyjUrwYTEhTzSupXU+qQHbm92TGqXB1in/CRssYxEE1M1/og\nu5uDTDdiWQkm1IOXmGD4Akj1B7Oql4GnT7RsZ82/SVD70MsGfAJ0+/EATM4k3t7J\nypFi6ADQPFjyKXZGNpCjLryELWKeUjwF7FGehYkxzZfWQY3n7eLHtKaxJp3rmDyq\nTg+gnDiFy1Ldop/u0plAt/uQ/xF8Xx9hN+BTdVE3hLzs2rNr+XYNMT7c4ePBM2BY\nfWL6XGJz1SddeFgoeQNkh9vuYjjj5B9sgpYTm+lxLI644R42/gkyZaZKrbi5rfx2\nC0AfaiKFSkyc2QAAAQEAhXehyIn4gHVg2895nFjW1CMkHRxvxuWReu8OOnvtQZTP\nEplmCW1U0HT02AKpqi7Oh68KOb2/qOdHANeIMx/jdL1SWqSkqu0EQv8obWMV1SKY\ncA1CjS5GIlvxVixHriV8xs4TFbqy/O8dDy3cDVIOHvRDk2A7lH7Pk99H7AHRg8Rf\n1FNqGQtR6YzHLijiharGc+XdYqgBuu7JbXPYwShRFPatUtNDuvS9V3g5r4cafmMV\nY5fCoDu/s3DQ2BzOPalQrhwnnm5QlRlr70UgukRFJ2eznuYShOa8ngHrkdzJjoFX\nLudX+bSgVEkty+AHEcfePa4MMgeuPQxWQJxNRLgYVQAAAQEA/D6r5ApGZP654DIe\nCrbAnL4qWtd/QVpdjqZUFSddYfvGgRIsrz+66wRt28yoxRQWZ0Wqkn3nKEmuKB8r\nGclW5C2jZRoA7TDe1Byc4mAFAvg+MeI/yhMwLJlCb3wWfwRKhcckVopStjgGPkwk\n/ufJbzVv/9mcAT/AqkvcreO6KM84VTtpW+Wg9nw35oc2RmVDlfyV+7+KttBc8SIM\n7ni5t/sOHYGaAmFUbqf0q4OU3k62LY0L/ea3GdBT1P/r+yMGobFTloR7jJgt0Hc+\nRfR3WNdIKbv29DXnHGCpFVlV4/hl/sHlJMNQ9avHVMs8sJPLgQMDDTuriNt+zvYb\n75PdNQAAAQEA6hi/z1VHAsIuC1FmqZqx4VoiTPE3WRWKTDQFmvLV5nH9mPc2OM9D\nSDlm+ssXyLzPRDhcYzEPjnaB8EUv4nQafk32hbEuolGr8a1Nwpiwfa8tKHvxDyDM\n08SJ+vxCsJqwGGqSSSdQvfA14FVuNrfJ4/ewW5RHJdLm2OOpe4Oy3zpZsQBMGnMN\ngiKKKaeQA3rosbGiy4T10C9hcnIT3moFubSxBzNagg2X5kZBX1Y7pJMUlT/nWAFI\ntFtc9jc7fOwHWQisg8Tf1dsrFtiMvGH+phsX3Nov11o4Bxhlw2hqeqRf3mj4wFOk\nsXQKJCgrrA9QqKKEo++2UUqlz4xLgMg9UwAAAAAB\n-----END OPENSSH PRIVATE KEY-----\n",
            "private_key_pem": "-----BEGIN RSA PRIVATE KEY-----\nMIIJKwIBAAKCAgEA5qmr/Zu4NyVX6r82/+cJg6E6by1RqT7LbKX1OxI5LM1giqel\nxdqVYfP1wnN1YU9ZC0lYg4QakeIMV4eenlSLJ01KqMjNofNc7pkadqm2XtZxajdm\n6d0dxvOglkeQ6lCXBkf+dASgQ6K3spIwhHcx5W3EYlL4Zs7w2CGMdG5vPEQZVmp3\neVMnTXlnsHT4CDpcYaCG+iXqUyANEkdFWRA/7D5o8zvODpW/mCqtE448u1VfAJE8\n4jcT6UaeK+tyvc26WzHXtc6JNFdPfuV57NfmvvjzElHOXDNmQhHRbcn3vB8GYkka\nZM+u5cJp2vMiiGayNMirQwvsAtkZmCF7QZJy76P+p89UtiGg7exUbF4U953HNjGl\naMfF2jHUE+gQ1W8y6UATFQo8dxW+aSAUKKS2XHHtW+DKMj//BZjKEBPBlBdv5Qlf\nNujwoBO2uFDs98HPTAZqRdMn1Jx+fR0HB8ypxhdsgvlBGxeePquRIrwOTFokLjRa\n4V8R1XGCzJGs0nfF6G8Eq4J/V2B5g8AdBCPmViER4p5UaAQlDzzMMr4mQrU8UruJ\nEUFg9CaqeZHZD/PfZOO6zBSMPRMcV+ykTx85LZDgLsLty8Pp7mE0Ml+cYfLNgJa5\n+wXMcpeZbv9Y/vIJaGvT7MW7fsqdddpfvFkCHLUpHNcCwFbIv4FXyzoOWS8CAwEA\nAQKCAgEAo7MA4+CS0VhIV8pSzzR5dRiEbwibruBo4He7XavmNdyfymeGZ69kWvsX\njGQChwgYKsFn9xZXAPeLSMdwE+/uPftFpBm2jlw3tQGlXVe+nPnVzcr517lce6jF\nbEHoH9MIC6YmeNIbp0Sg2DOWCTzKhYfsWteFgPkWxlyw4KTLftrZnJG8rrcL6pjh\ntMKekMBSddrGUFt+PHY/sJwyJC47H39/XjgwWft+2RBYest0YIMLBE0PB4CNOf4r\nHQJhEUEjI7tw2o90olfgjC9x41uqYBgv8e1q5dZ4mSUqG5+9mJ3wGurEt40JE/hw\nxbnN5T309S8BFHkuiyrmVihU4El+FSmGuUsiJ0AbNEd5+x9pKl489XMo1K8GExIU\n80rqV1PqkB25vdkxqlwdYp/wkbLGMRBNTNf6ILubg0w3YlkJJtSDl5hg+AJI9Qez\nqpeBp0+0bGfNv0lQ+9DLBnwCdPvxAEzOJN7eycqRYugA0DxY8il2RjaQoy68hC1i\nnlI8BexRnoWJMc2X1kGN5+3ix7SmsSad65g8qk4PoJw4hctS3aKf7tKZQLf7kP8R\nfF8fYTfgU3VRN4S87Nqza/l2DTE+3OHjwTNgWH1i+lxic9UnXXhYKHkDZIfb7mI4\n4+QfbIKWE5vpcSyOuOEeNv4JMmWmSq24ua38dgtAH2oihUpMnNkCggEBAPw+q+QK\nRmT+ueAyHgq2wJy+KlrXf0FaXY6mVBUnXWH7xoESLK8/uusEbdvMqMUUFmdFqpJ9\n5yhJrigfKxnJVuQto2UaAO0w3tQcnOJgBQL4PjHiP8oTMCyZQm98Fn8ESoXHJFaK\nUrY4Bj5MJP7nyW81b//ZnAE/wKpL3K3juijPOFU7aVvloPZ8N+aHNkZlQ5X8lfu/\nirbQXPEiDO54ubf7Dh2BmgJhVG6n9KuDlN5Oti2NC/3mtxnQU9T/6/sjBqGxU5aE\ne4yYLdB3PkX0d1jXSCm79vQ15xxgqRVZVeP4Zf7B5STDUPWrx1TLPLCTy4EDAw07\nq4jbfs72G++T3TUCggEBAOoYv89VRwLCLgtRZqmaseFaIkzxN1kVikw0BZry1eZx\n/Zj3NjjPQ0g5ZvrLF8i8z0Q4XGMxD452gfBFL+J0Gn5N9oWxLqJRq/GtTcKYsH2v\nLSh78Q8gzNPEifr8QrCasBhqkkknUL3wNeBVbja3yeP3sFuURyXS5tjjqXuDst86\nWbEATBpzDYIiiimnkAN66LGxosuE9dAvYXJyE95qBbm0sQczWoINl+ZGQV9WO6ST\nFJU/51gBSLRbXPY3O3zsB1kIrIPE39XbKxbYjLxh/qYbF9zaL9daOAcYZcNoanqk\nX95o+MBTpLF0CiQoK6wPUKiihKPvtlFKpc+MS4DIPVMCggEBANfiY4cmbB0gDcGd\n4yxUQQFlmCZrbVRnnM7r9+aq7DdiHwB0p53Ns5JVFhkaTg9uI8Z7T4NVEjPe65kX\nI/JL6Xwcu01aNhTK0MtFOdhdSazC/af/9YxjY8Wn3b5Au5g1+foI+EbA2A1wYZeL\n39XyVupBF/wnKGfBQon9p3+D+d3XjGUWFhQ6scqDgexhKMiS/octyMfPpU7VgdY2\nyE6JMJoP2oLSWxdSacrTIIpycUTapPzTTMIfZfJH5JfV+QfVcGWOuPWHqZ4o2H0k\nsT15/3MfvXlKkA9u2r/k0pGdBe+4tsKU/CK8r1uzi0Q9NVIDDBb8lu4KdcMJ6LwE\n0t/280kCggEBAMKKZMRpiwS42Ejhkd56xz6OiBjHEQcARpkDVnEpQycqLeSz9KSL\nYc+gnHro0lAo0FpSODzaZaIvy9YfuSaI9AdoxOjfkPClzK2gJxIDkBAyxuVw8qhu\nyqlmGICyqL1ZH+R6lC0k9g2SlUNj256vZ6ECktXYSLQfK2as84jIrpqiRC07IQON\n/3jZOVZagOzTdJNPGwnk6d7jsSjJssdP9ogYqFFilOGlaEmesu8Gm7Qt4poRrDDP\niFsR3hRjXBV5lLWh5rPupVF0vL9UoMhg652gwFjyHXXq7MrAtLkKigp3lZAgTjCO\nkjxCQbdAhuKLK62ouW//YtT1owvy/D/+qC8CggEBAIV3ociJ+IB1YNvPeZxY1tQj\nJB0cb8blkXrvDjp77UGUzxKZZgltVNB09NgCqaouzoevCjm9v6jnRwDXiDMf43S9\nUlqkpKrtBEL/KG1jFdUimHANQo0uRiJb8VYsR64lfMbOExW6svzvHQ8t3A1SDh70\nQ5NgO5R+z5PfR+wB0YPEX9RTahkLUemMxy4o4oWqxnPl3WKoAbruyW1z2MEoURT2\nrVLTQ7r0vVd4Oa+HGn5jFWOXwqA7v7Nw0Ngczj2pUK4cJ55uUJUZa+9FILpERSdn\ns57mEoTmvJ4B65HcyY6BVy7nV/m0oFRJLcvgBxHH3j2uDDIHrj0MVkCcTUS4GFU=\n-----END RSA PRIVATE KEY-----\n",
            "public_key_fingerprint_md5": "54:ab:10:a2:ba:5e:2b:82:ad:a7:17:05:a3:08:c7:19",
            "public_key_fingerprint_sha256": "SHA256:kY3sQGwfxsbyttfzJc6s9HTc2lH1NNIYImG/nV2OgO4",
            "public_key_openssh": "ssh-rsa AAAAB3NzaC1yc2EAAAADAQABAAACAQDmqav9m7g3JVfqvzb/5wmDoTpvLVGpPstspfU7EjkszWCKp6XF2pVh8/XCc3VhT1kLSViDhBqR4gxXh56eVIsnTUqoyM2h81zumRp2qbZe1nFqN2bp3R3G86CWR5DqUJcGR/50BKBDoreykjCEdzHlbcRiUvhmzvDYIYx0bm88RBlWand5UydNeWewdPgIOlxhoIb6JepTIA0SR0VZED/sPmjzO84Olb+YKq0Tjjy7VV8AkTziNxPpRp4r63K9zbpbMde1zok0V09+5Xns1+a++PMSUc5cM2ZCEdFtyfe8HwZiSRpkz67lwmna8yKIZrI0yKtDC+wC2RmYIXtBknLvo/6nz1S2IaDt7FRsXhT3ncc2MaVox8XaMdQT6BDVbzLpQBMVCjx3Fb5pIBQopLZcce1b4MoyP/8FmMoQE8GUF2/lCV826PCgE7a4UOz3wc9MBmpF0yfUnH59HQcHzKnGF2yC+UEbF54+q5EivA5MWiQuNFrhXxHVcYLMkazSd8XobwSrgn9XYHmDwB0EI+ZWIRHinlRoBCUPPMwyviZCtTxSu4kRQWD0Jqp5kdkP899k47rMFIw9ExxX7KRPHzktkOAuwu3Lw+nuYTQyX5xh8s2Alrn7Bcxyl5lu/1j+8gloa9Psxbt+yp112l+8WQIctSkc1wLAVsi/gVfLOg5ZLw==\n",
            "public_key_pem": "-----BEGIN PUBLIC KEY-----\nMIICIjANBgkqhkiG9w0BAQEFAAOCAg8AMIICCgKCAgEA5qmr/Zu4NyVX6r82/+cJ\ng6E6by1RqT7LbKX1OxI5LM1giqelxdqVYfP1wnN1YU9ZC0lYg4QakeIMV4eenlSL\nJ01KqMjNofNc7pkadqm2XtZxajdm6d0dxvOglkeQ6lCXBkf+dASgQ6K3spIwhHcx\n5W3EYlL4Zs7w2CGMdG5vPEQZVmp3eVMnTXlnsHT4CDpcYaCG+iXqUyANEkdFWRA/\n7D5o8zvODpW/mCqtE448u1VfAJE84jcT6UaeK+tyvc26WzHXtc6JNFdPfuV57Nfm\nvvjzElHOXDNmQhHRbcn3vB8GYkkaZM+u5cJp2vMiiGayNMirQwvsAtkZmCF7QZJy\n76P+p89UtiGg7exUbF4U953HNjGlaMfF2jHUE+gQ1W8y6UATFQo8dxW+aSAUKKS2\nXHHtW+DKMj//BZjKEBPBlBdv5QlfNujwoBO2uFDs98HPTAZqRdMn1Jx+fR0HB8yp\nxhdsgvlBGxeePquRIrwOTFokLjRa4V8R1XGCzJGs0nfF6G8Eq4J/V2B5g8AdBCPm\nViER4p5UaAQlDzzMMr4mQrU8UruJEUFg9CaqeZHZD/PfZOO6zBSMPRMcV+ykTx85\nLZDgLsLty8Pp7mE0Ml+cYfLNgJa5+wXMcpeZbv9Y/vIJaGvT7MW7fsqdddpfvFkC\nHLUpHNcCwFbIv4FXyzoOWS8CAwEAAQ==\n-----END PUBLIC KEY-----\n",
            "rsa_bits": 4096
          },
          "sensitive_attributes": [],
          "private": "bnVsbA=="
        }
      ]
    }
  ]
}
